// !$*UTF8*$!
{
	archiveVersion = 1;
	classes = {
	};
	objectVersion = 46;
	objects = {

/* Begin PBXBuildFile section */
		626E82051C823CFB0059BF30 /* AppDelegate.swift in Sources */ = {isa = PBXBuildFile; fileRef = 626E82041C823CFB0059BF30 /* AppDelegate.swift */; };
		626E82071C823CFB0059BF30 /* ViewController.swift in Sources */ = {isa = PBXBuildFile; fileRef = 626E82061C823CFB0059BF30 /* ViewController.swift */; };
		626E82091C823CFB0059BF30 /* Assets.xcassets in Resources */ = {isa = PBXBuildFile; fileRef = 626E82081C823CFB0059BF30 /* Assets.xcassets */; };
		626E820C1C823CFB0059BF30 /* Main.storyboard in Resources */ = {isa = PBXBuildFile; fileRef = 626E820A1C823CFB0059BF30 /* Main.storyboard */; };
/* End PBXBuildFile section */

/* Begin PBXFileReference section */
		626E82011C823CFB0059BF30 /* HandoffContinuity.app */ = {isa = PBXFileReference; explicitFileType = wrapper.application; includeInIndex = 0; path = HandoffContinuity.app; sourceTree = BUILT_PRODUCTS_DIR; };
		626E82041C823CFB0059BF30 /* AppDelegate.swift */ = {isa = PBXFileReference; lastKnownFileType = sourcecode.swift; path = AppDelegate.swift; sourceTree = "<group>"; };
		626E82061C823CFB0059BF30 /* ViewController.swift */ = {isa = PBXFileReference; lastKnownFileType = sourcecode.swift; path = ViewController.swift; sourceTree = "<group>"; };
		626E82081C823CFB0059BF30 /* Assets.xcassets */ = {isa = PBXFileReference; lastKnownFileType = folder.assetcatalog; path = Assets.xcassets; sourceTree = "<group>"; };
		626E820B1C823CFB0059BF30 /* Base */ = {isa = PBXFileReference; lastKnownFileType = file.storyboard; name = Base; path = Base.lproj/Main.storyboard; sourceTree = "<group>"; };
		626E820D1C823CFB0059BF30 /* Info.plist */ = {isa = PBXFileReference; lastKnownFileType = text.plist.xml; path = Info.plist; sourceTree = "<group>"; };
/* End PBXFileReference section */

/* Begin PBXFrameworksBuildPhase section */
		626E81FE1C823CFB0059BF30 /* Frameworks */ = {
			isa = PBXFrameworksBuildPhase;
			buildActionMask = 2147483647;
			files = (
			);
			runOnlyForDeploymentPostprocessing = 0;
		};
/* End PBXFrameworksBuildPhase section */

/* Begin PBXGroup section */
		626E81F81C823CFB0059BF30 = {
			isa = PBXGroup;
			children = (
				626E82031C823CFB0059BF30 /* HandoffContinuity */,
				626E82021C823CFB0059BF30 /* Products */,
			);
			sourceTree = "<group>";
		};
		626E82021C823CFB0059BF30 /* Products */ = {
			isa = PBXGroup;
			children = (
				626E82011C823CFB0059BF30 /* HandoffContinuity.app */,
			);
			name = Products;
			sourceTree = "<group>";
		};
		626E82031C823CFB0059BF30 /* HandoffContinuity */ = {
			isa = PBXGroup;
			children = (
				626E82041C823CFB0059BF30 /* AppDelegate.swift */,
				626E82061C823CFB0059BF30 /* ViewController.swift */,
				626E82081C823CFB0059BF30 /* Assets.xcassets */,
				626E820A1C823CFB0059BF30 /* Main.storyboard */,
				626E820D1C823CFB0059BF30 /* Info.plist */,
			);
			path = HandoffContinuity;
			sourceTree = "<group>";
		};
/* End PBXGroup section */

/* Begin PBXNativeTarget section */
		626E82001C823CFB0059BF30 /* HandoffContinuity */ = {
			isa = PBXNativeTarget;
			buildConfigurationList = 626E82101C823CFB0059BF30 /* Build configuration list for PBXNativeTarget "HandoffContinuity" */;
			buildPhases = (
				626E81FD1C823CFB0059BF30 /* Sources */,
				626E81FE1C823CFB0059BF30 /* Frameworks */,
				626E81FF1C823CFB0059BF30 /* Resources */,
			);
			buildRules = (
			);
			dependencies = (
			);
			name = HandoffContinuity;
			productName = HandoffContinuity;
			productReference = 626E82011C823CFB0059BF30 /* HandoffContinuity.app */;
			productType = "com.apple.product-type.application";
		};
/* End PBXNativeTarget section */

/* Begin PBXProject section */
		626E81F91C823CFB0059BF30 /* Project object */ = {
			isa = PBXProject;
			attributes = {
				LastSwiftUpdateCheck = 0730;
				LastUpgradeCheck = 0730;
				ORGANIZATIONNAME = "Henrique Valcanaia";
				TargetAttributes = {
					626E82001C823CFB0059BF30 = {
						CreatedOnToolsVersion = 7.3;
					};
				};
			};
			buildConfigurationList = 626E81FC1C823CFB0059BF30 /* Build configuration list for PBXProject "HandoffContinuity" */;
			compatibilityVersion = "Xcode 3.2";
			developmentRegion = English;
			hasScannedForEncodings = 0;
			knownRegions = (
				en,
				Base,
			);
			mainGroup = 626E81F81C823CFB0059BF30;
			productRefGroup = 626E82021C823CFB0059BF30 /* Products */;
			projectDirPath = "";
			projectRoot = "";
			targets = (
				626E82001C823CFB0059BF30 /* HandoffContinuity */,
			);
		};
/* End PBXProject section */

/* Begin PBXResourcesBuildPhase section */
		626E81FF1C823CFB0059BF30 /* Resources */ = {
			isa = PBXResourcesBuildPhase;
			buildActionMask = 2147483647;
			files = (
				626E82091C823CFB0059BF30 /* Assets.xcassets in Resources */,
				626E820C1C823CFB0059BF30 /* Main.storyboard in Resources */,
			);
			runOnlyForDeploymentPostprocessing = 0;
		};
/* End PBXResourcesBuildPhase section */

/* Begin PBXSourcesBuildPhase section */
		626E81FD1C823CFB0059BF30 /* Sources */ = {
			isa = PBXSourcesBuildPhase;
			buildActionMask = 2147483647;
			files = (
				626E82071C823CFB0059BF30 /* ViewController.swift in Sources */,
				626E82051C823CFB0059BF30 /* AppDelegate.swift in Sources */,
			);
			runOnlyForDeploymentPostprocessing = 0;
		};
/* End PBXSourcesBuildPhase section */

/* Begin PBXVariantGroup section */
		626E820A1C823CFB0059BF30 /* Main.storyboard */ = {
			isa = PBXVariantGroup;
			children = (
				626E820B1C823CFB0059BF30 /* Base */,
			);
			name = Main.storyboard;
			sourceTree = "<group>";
		};
/* End PBXVariantGroup section */

/* Begin XCBuildConfiguration section */
		626E820E1C823CFB0059BF30 /* Debug */ = {
			isa = XCBuildConfiguration;
			buildSettings = {
				ALWAYS_SEARCH_USER_PATHS = NO;
				CLANG_ANALYZER_NONNULL = YES;
				CLANG_CXX_LANGUAGE_STANDARD = "gnu++0x";
				CLANG_CXX_LIBRARY = "libc++";
				CLANG_ENABLE_MODULES = YES;
				CLANG_ENABLE_OBJC_ARC = YES;
				CLANG_WARN_BOOL_CONVERSION = YES;
				CLANG_WARN_CONSTANT_CONVERSION = YES;
				CLANG_WARN_DIRECT_OBJC_ISA_USAGE = YES_ERROR;
				CLANG_WARN_EMPTY_BODY = YES;
				CLANG_WARN_ENUM_CONVERSION = YES;
				CLANG_WARN_INT_CONVERSION = YES;
				CLANG_WARN_OBJC_ROOT_CLASS = YES_ERROR;
				CLANG_WARN_UNREACHABLE_CODE = YES;
				CLANG_WARN__DUPLICATE_METHOD_MATCH = YES;
				CODE_SIGN_IDENTITY = "-";
				COPY_PHASE_STRIP = NO;
				DEBUG_INFORMATION_FORMAT = dwarf;
				ENABLE_STRICT_OBJC_MSGSEND = YES;
				ENABLE_TESTABILITY = YES;
				GCC_C_LANGUAGE_STANDARD = gnu99;
				GCC_DYNAMIC_NO_PIC = NO;
				GCC_NO_COMMON_BLOCKS = YES;
				GCC_OPTIMIZATION_LEVEL = 0;
				GCC_PREPROCESSOR_DEFINITIONS = (
					"DEBUG=1",
					"$(inherited)",
				);
				GCC_WARN_64_TO_32_BIT_CONVERSION = YES;
				GCC_WARN_ABOUT_RETURN_TYPE = YES_ERROR;
				GCC_WARN_UNDECLARED_SELECTOR = YES;
				GCC_WARN_UNINITIALIZED_AUTOS = YES_AGGRESSIVE;
				GCC_WARN_UNUSED_FUNCTION = YES;
				GCC_WARN_UNUSED_VARIABLE = YES;
				MACOSX_DEPLOYMENT_TARGET = 10.11;
				MTL_ENABLE_DEBUG_INFO = YES;
				ONLY_ACTIVE_ARCH = YES;
				SDKROOT = macosx;
				SWIFT_OPTIMIZATION_LEVEL = "-Onone";
			};
			name = Debug;
		};
		626E820F1C823CFB0059BF30 /* Release */ = {
			isa = XCBuildConfiguration;
			buildSettings = {
				ALWAYS_SEARCH_USER_PATHS = NO;
				CLANG_ANALYZER_NONNULL = YES;
				CLANG_CXX_LANGUAGE_STANDARD = "gnu++0x";
				CLANG_CXX_LIBRARY = "libc++";
				CLANG_ENABLE_MODULES = YES;
				CLANG_ENABLE_OBJC_ARC = YES;
				CLANG_WARN_BOOL_CONVERSION = YES;
				CLANG_WARN_CONSTANT_CONVERSION = YES;
				CLANG_WARN_DIRECT_OBJC_ISA_USAGE = YES_ERROR;
				CLANG_WARN_EMPTY_BODY = YES;
				CLANG_WARN_ENUM_CONVERSION = YES;
				CLANG_WARN_INT_CONVERSION = YES;
				CLANG_WARN_OBJC_ROOT_CLASS = YES_ERROR;
				CLANG_WARN_UNREACHABLE_CODE = YES;
				CLANG_WARN__DUPLICATE_METHOD_MATCH = YES;
				CODE_SIGN_IDENTITY = "-";
				COPY_PHASE_STRIP = NO;
				DEBUG_INFORMATION_FORMAT = "dwarf-with-dsym";
				ENABLE_NS_ASSERTIONS = NO;
				ENABLE_STRICT_OBJC_MSGSEND = YES;
				GCC_C_LANGUAGE_STANDARD = gnu99;
				GCC_NO_COMMON_BLOCKS = YES;
				GCC_WARN_64_TO_32_BIT_CONVERSION = YES;
				GCC_WARN_ABOUT_RETURN_TYPE = YES_ERROR;
				GCC_WARN_UNDECLARED_SELECTOR = YES;
				GCC_WARN_UNINITIALIZED_AUTOS = YES_AGGRESSIVE;
				GCC_WARN_UNUSED_FUNCTION = YES;
				GCC_WARN_UNUSED_VARIABLE = YES;
				MACOSX_DEPLOYMENT_TARGET = 10.11;
				MTL_ENABLE_DEBUG_INFO = NO;
				SDKROOT = macosx;
			};
			name = Release;
		};
		626E82111C823CFB0059BF30 /* Debug */ = {
			isa = XCBuildConfiguration;
			buildSettings = {
				ASSETCATALOG_COMPILER_APPICON_NAME = AppIcon;
				COMBINE_HIDPI_IMAGES = YES;
				INFOPLIST_FILE = HandoffContinuity/Info.plist;
				LD_RUNPATH_SEARCH_PATHS = "$(inherited) @executable_path/../Frameworks";
				PRODUCT_BUNDLE_IDENTIFIER = xyz.henriquevalcanaia.HandoffContinuity;
				PRODUCT_NAME = "$(TARGET_NAME)";
			};
			name = Debug;
		};
		626E82121C823CFB0059BF30 /* Release */ = {
			isa = XCBuildConfiguration;
			buildSettings = {
				ASSETCATALOG_COMPILER_APPICON_NAME = AppIcon;
				COMBINE_HIDPI_IMAGES = YES;
				INFOPLIST_FILE = HandoffContinuity/Info.plist;
				LD_RUNPATH_SEARCH_PATHS = "$(inherited) @executable_path/../Frameworks";
				PRODUCT_BUNDLE_IDENTIFIER = xyz.henriquevalcanaia.HandoffContinuity;
				PRODUCT_NAME = "$(TARGET_NAME)";
			};
			name = Release;
		};
/* End XCBuildConfiguration section */

/* Begin XCConfigurationList section */
		626E81FC1C823CFB0059BF30 /* Build configuration list for PBXProject "HandoffContinuity" */ = {
			isa = XCConfigurationList;
			buildConfigurations = (
				626E820E1C823CFB0059BF30 /* Debug */,
				626E820F1C823CFB0059BF30 /* Release */,
			);
			defaultConfigurationIsVisible = 0;
			defaultConfigurationName = Release;
		};
		626E82101C823CFB0059BF30 /* Build configuration list for PBXNativeTarget "HandoffContinuity" */ = {
			isa = XCConfigurationList;
			buildConfigurations = (
				626E82111C823CFB0059BF30 /* Debug */,
				626E82121C823CFB0059BF30 /* Release */,
			);
			defaultConfigurationIsVisible = 0;
		};
/* End XCConfigurationList section */
	};
	rootObject = 626E81F91C823CFB0059BF30 /* Project object */;
}
